
Microsoft Visual Studio Solution File, Format Version 12.00
# Visual Studio Version 17
VisualStudioVersion = 17.13.36105.23
MinimumVisualStudioVersion = 10.0.40219.1
Project("{FAE04EC0-301F-11D3-BF4B-00C04F79EFBC}") = "M001", "M001\M001.csproj", "{1BEE4221-5F39-4A17-846F-138A1233E343}"
EndProject
Project("{FAE04EC0-301F-11D3-BF4B-00C04F79EFBC}") = "M002-Einfuehrung", "M002-Einfuehrung\M002-Einfuehrung.csproj", "{C4BC6321-0E8B-4055-B341-ED9A0CEF68A8}"
EndProject
Project("{FAE04EC0-301F-11D3-BF4B-00C04F79EFBC}") = "M004-RazorPages", "M004-RazorPages\M004-RazorPages.csproj", "{B641D69F-1F2B-4408-8BFC-E05F27033B09}"
EndProject
Project("{FAE04EC0-301F-11D3-BF4B-00C04F79EFBC}") = "M003-MVC", "M003-MVC\M003-MVC.csproj", "{1A6440E5-410A-4FDB-8519-1B6B484AB53D}"
EndProject
Project("{FAE04EC0-301F-11D3-BF4B-00C04F79EFBC}") = "M005-EntityFramework", "M005-EntityFramework\M005-EntityFramework.csproj", "{FBC93FF5-7F78-4C26-8939-0AD5A9478861}"
EndProject
Project("{FAE04EC0-301F-11D3-BF4B-00C04F79EFBC}") = "M000-DataAccess", "M000-DataAccess\M000-DataAccess.csproj", "{7D0BF9BC-107A-431F-AA72-C2194900ACF3}"
EndProject
Project("{FAE04EC0-301F-11D3-BF4B-00C04F79EFBC}") = "M006-ModelBinding", "M006-ModelBinding\M006-ModelBinding.csproj", "{45A83ED5-9934-41AC-84E1-BDC5AA875206}"
EndProject
Project("{FAE04EC0-301F-11D3-BF4B-00C04F79EFBC}") = "M007-Validierung", "M007-Validierung\M007-Validierung.csproj", "{855D0EA5-DC1A-4DB3-A7EA-8E34E454D51D}"
EndProject
Project("{FAE04EC0-301F-11D3-BF4B-00C04F79EFBC}") = "M008_Lokalisierung", "M008_Lokalisierung\M008_Lokalisierung.csproj", "{89CF9408-A165-41F1-9622-0A6731DD24D7}"
EndProject
Project("{FAE04EC0-301F-11D3-BF4B-00C04F79EFBC}") = "M009-LayoutDesign", "M009-LayoutDesign\M009-LayoutDesign.csproj", "{C72A54E1-7002-4F40-8A21-FF96D3E2D055}"
EndProject
Project("{FAE04EC0-301F-11D3-BF4B-00C04F79EFBC}") = "M010-API", "M010-API\M010-API.csproj", "{5A97ADEC-BE98-4106-B033-F47C0014C87A}"
EndProject
Project("{FAE04EC0-301F-11D3-BF4B-00C04F79EFBC}") = "M011-Authentication", "M011-Authentication\M011-Authentication.csproj", "{AF918E45-7685-440E-B2DA-5B54BEEFF5F5}"
EndProject
Project("{FAE04EC0-301F-11D3-BF4B-00C04F79EFBC}") = "M012-SignalR", "M012-SignalR\M012-SignalR.csproj", "{23454906-AEA9-4B25-BC78-0AD5597D45B2}"
EndProject
Global
	GlobalSection(SolutionConfigurationPlatforms) = preSolution
		Debug|Any CPU = Debug|Any CPU
		Release|Any CPU = Release|Any CPU
	EndGlobalSection
	GlobalSection(ProjectConfigurationPlatforms) = postSolution
		{1BEE4221-5F39-4A17-846F-138A1233E343}.Debug|Any CPU.ActiveCfg = Debug|Any CPU
		{1BEE4221-5F39-4A17-846F-138A1233E343}.Debug|Any CPU.Build.0 = Debug|Any CPU
		{1BEE4221-5F39-4A17-846F-138A1233E343}.Release|Any CPU.ActiveCfg = Release|Any CPU
		{1BEE4221-5F39-4A17-846F-138A1233E343}.Release|Any CPU.Build.0 = Release|Any CPU
		{C4BC6321-0E8B-4055-B341-ED9A0CEF68A8}.Debug|Any CPU.ActiveCfg = Debug|Any CPU
		{C4BC6321-0E8B-4055-B341-ED9A0CEF68A8}.Debug|Any CPU.Build.0 = Debug|Any CPU
		{C4BC6321-0E8B-4055-B341-ED9A0CEF68A8}.Release|Any CPU.ActiveCfg = Release|Any CPU
		{C4BC6321-0E8B-4055-B341-ED9A0CEF68A8}.Release|Any CPU.Build.0 = Release|Any CPU
		{B641D69F-1F2B-4408-8BFC-E05F27033B09}.Debug|Any CPU.ActiveCfg = Debug|Any CPU
		{B641D69F-1F2B-4408-8BFC-E05F27033B09}.Debug|Any CPU.Build.0 = Debug|Any CPU
		{B641D69F-1F2B-4408-8BFC-E05F27033B09}.Release|Any CPU.ActiveCfg = Release|Any CPU
		{B641D69F-1F2B-4408-8BFC-E05F27033B09}.Release|Any CPU.Build.0 = Release|Any CPU
		{1A6440E5-410A-4FDB-8519-1B6B484AB53D}.Debug|Any CPU.ActiveCfg = Debug|Any CPU
		{1A6440E5-410A-4FDB-8519-1B6B484AB53D}.Debug|Any CPU.Build.0 = Debug|Any CPU
		{1A6440E5-410A-4FDB-8519-1B6B484AB53D}.Release|Any CPU.ActiveCfg = Release|Any CPU
		{1A6440E5-410A-4FDB-8519-1B6B484AB53D}.Release|Any CPU.Build.0 = Release|Any CPU
		{FBC93FF5-7F78-4C26-8939-0AD5A9478861}.Debug|Any CPU.ActiveCfg = Debug|Any CPU
		{FBC93FF5-7F78-4C26-8939-0AD5A9478861}.Debug|Any CPU.Build.0 = Debug|Any CPU
		{FBC93FF5-7F78-4C26-8939-0AD5A9478861}.Release|Any CPU.ActiveCfg = Release|Any CPU
		{FBC93FF5-7F78-4C26-8939-0AD5A9478861}.Release|Any CPU.Build.0 = Release|Any CPU
		{7D0BF9BC-107A-431F-AA72-C2194900ACF3}.Debug|Any CPU.ActiveCfg = Debug|Any CPU
		{7D0BF9BC-107A-431F-AA72-C2194900ACF3}.Debug|Any CPU.Build.0 = Debug|Any CPU
		{7D0BF9BC-107A-431F-AA72-C2194900ACF3}.Release|Any CPU.ActiveCfg = Release|Any CPU
		{7D0BF9BC-107A-431F-AA72-C2194900ACF3}.Release|Any CPU.Build.0 = Release|Any CPU
		{45A83ED5-9934-41AC-84E1-BDC5AA875206}.Debug|Any CPU.ActiveCfg = Debug|Any CPU
		{45A83ED5-9934-41AC-84E1-BDC5AA875206}.Debug|Any CPU.Build.0 = Debug|Any CPU
		{45A83ED5-9934-41AC-84E1-BDC5AA875206}.Release|Any CPU.ActiveCfg = Release|Any CPU
		{45A83ED5-9934-41AC-84E1-BDC5AA875206}.Release|Any CPU.Build.0 = Release|Any CPU
		{855D0EA5-DC1A-4DB3-A7EA-8E34E454D51D}.Debug|Any CPU.ActiveCfg = Debug|Any CPU
		{855D0EA5-DC1A-4DB3-A7EA-8E34E454D51D}.Debug|Any CPU.Build.0 = Debug|Any CPU
		{855D0EA5-DC1A-4DB3-A7EA-8E34E454D51D}.Release|Any CPU.ActiveCfg = Release|Any CPU
		{855D0EA5-DC1A-4DB3-A7EA-8E34E454D51D}.Release|Any CPU.Build.0 = Release|Any CPU
		{89CF9408-A165-41F1-9622-0A6731DD24D7}.Debug|Any CPU.ActiveCfg = Debug|Any CPU
		{89CF9408-A165-41F1-9622-0A6731DD24D7}.Debug|Any CPU.Build.0 = Debug|Any CPU
		{89CF9408-A165-41F1-9622-0A6731DD24D7}.Release|Any CPU.ActiveCfg = Release|Any CPU
		{89CF9408-A165-41F1-9622-0A6731DD24D7}.Release|Any CPU.Build.0 = Release|Any CPU
		{C72A54E1-7002-4F40-8A21-FF96D3E2D055}.Debug|Any CPU.ActiveCfg = Debug|Any CPU
		{C72A54E1-7002-4F40-8A21-FF96D3E2D055}.Debug|Any CPU.Build.0 = Debug|Any CPU
		{C72A54E1-7002-4F40-8A21-FF96D3E2D055}.Release|Any CPU.ActiveCfg = Release|Any CPU
		{C72A54E1-7002-4F40-8A21-FF96D3E2D055}.Release|Any CPU.Build.0 = Release|Any CPU
		{5A97ADEC-BE98-4106-B033-F47C0014C87A}.Debug|Any CPU.ActiveCfg = Debug|Any CPU
		{5A97ADEC-BE98-4106-B033-F47C0014C87A}.Debug|Any CPU.Build.0 = Debug|Any CPU
		{5A97ADEC-BE98-4106-B033-F47C0014C87A}.Release|Any CPU.ActiveCfg = Release|Any CPU
		{5A97ADEC-BE98-4106-B033-F47C0014C87A}.Release|Any CPU.Build.0 = Release|Any CPU
		{AF918E45-7685-440E-B2DA-5B54BEEFF5F5}.Debug|Any CPU.ActiveCfg = Debug|Any CPU
		{AF918E45-7685-440E-B2DA-5B54BEEFF5F5}.Debug|Any CPU.Build.0 = Debug|Any CPU
		{AF918E45-7685-440E-B2DA-5B54BEEFF5F5}.Release|Any CPU.ActiveCfg = Release|Any CPU
		{AF918E45-7685-440E-B2DA-5B54BEEFF5F5}.Release|Any CPU.Build.0 = Release|Any CPU
		{23454906-AEA9-4B25-BC78-0AD5597D45B2}.Debug|Any CPU.ActiveCfg = Debug|Any CPU
		{23454906-AEA9-4B25-BC78-0AD5597D45B2}.Debug|Any CPU.Build.0 = Debug|Any CPU
		{23454906-AEA9-4B25-BC78-0AD5597D45B2}.Release|Any CPU.ActiveCfg = Release|Any CPU
		{23454906-AEA9-4B25-BC78-0AD5597D45B2}.Release|Any CPU.Build.0 = Release|Any CPU
	EndGlobalSection
	GlobalSection(SolutionProperties) = preSolution
		HideSolutionNode = FALSE
	EndGlobalSection
	GlobalSection(ExtensibilityGlobals) = postSolution
		SolutionGuid = {F658DAFE-C893-4C67-9765-8A2C422E1F3F}
	EndGlobalSection
EndGlobal
